{
  "name": "calc",
  "version": "1.0.0",
  "lockfileVersion": 1,
  "requires": true,
  "dependencies": {
    "colors": {
      "version": "1.3.0",
      "resolved": "https://registry.npmjs.org/colors/-/colors-1.3.0.tgz",
      "integrity": "sha512-EDpX3a7wHMWFA7PUHWPHNWqOxIIRSJetuwl0AS5Oi/5FMV8kWm69RTlgm00GKjBO1xFHMtBbL49yRtMMdticBw=="
    },
    "nodepythagorean": {
      "version": "1.0.3",
      "resolved": "https://registry.npmjs.org/nodepythagorean/-/nodepythagorean-1.0.3.tgz",
      "integrity": "sha512-nh+SqimMHgyHpqb2S74DerT3jyaI17EL3oLrpemNdJIHuxzklssOI6LjFwpCW0Gf75T5tUoT8DpJXZsOiSJuhw=="
    },
    "pythag": {
      "version": "1.0.0",
      "resolved": "https://registry.npmjs.org/pythag/-/pythag-1.0.0.tgz",
      "integrity": "sha1-eKoKC6xp0Xp8SmlOONSTxWU2rEU="
    }
  }
}
